
Microsoft Visual Studio Solution File, Format Version 11.00
# Visual Studio 2010
Project("{FAE04EC0-301F-11D3-BF4B-00C04F79EFBC}") = "Loxodon.Framework", "Assembly-CSharp.csproj", "{A466FA5F-FE15-E990-41A3-294F78B15580}"
EndProject
Project("{FAE04EC0-301F-11D3-BF4B-00C04F79EFBC}") = "Loxodon.Framework", "Assembly-CSharp-Editor.csproj", "{539773A4-2E5B-DE46-2970-5A697C3835A5}"
EndProject
Global
	GlobalSection(SolutionConfigurationPlatforms) = preSolution
		Debug|Any CPU = Debug|Any CPU
		Release|Any CPU = Release|Any CPU
	EndGlobalSection
	GlobalSection(ProjectConfigurationPlatforms) = postSolution
		{A466FA5F-FE15-E990-41A3-294F78B15580}.Debug|Any CPU.ActiveCfg = Debug|Any CPU
		{A466FA5F-FE15-E990-41A3-294F78B15580}.Debug|Any CPU.Build.0 = Debug|Any CPU
		{A466FA5F-FE15-E990-41A3-294F78B15580}.Release|Any CPU.ActiveCfg = Release|Any CPU
		{A466FA5F-FE15-E990-41A3-294F78B15580}.Release|Any CPU.Build.0 = Release|Any CPU
		{539773A4-2E5B-DE46-2970-5A697C3835A5}.Debug|Any CPU.ActiveCfg = Debug|Any CPU
		{539773A4-2E5B-DE46-2970-5A697C3835A5}.Debug|Any CPU.Build.0 = Debug|Any CPU
		{539773A4-2E5B-DE46-2970-5A697C3835A5}.Release|Any CPU.ActiveCfg = Release|Any CPU
		{539773A4-2E5B-DE46-2970-5A697C3835A5}.Release|Any CPU.Build.0 = Release|Any CPU
	EndGlobalSection
	GlobalSection(SolutionProperties) = preSolution
		HideSolutionNode = FALSE
	EndGlobalSection
	GlobalSection(MonoDevelopProperties) = preSolution
		StartupItem = Assembly-CSharp.csproj
	EndGlobalSection
EndGlobal
